# THIS IS AN AUTOGENERATED FILE. DO NOT EDIT THIS FILE DIRECTLY.
# yarn lockfile v1


"@types/atom@*", "@types/atom@^0.0.39":
  version "0.0.39"
  resolved "https://registry.yarnpkg.com/@types/atom/-/atom-0.0.39.tgz#07c7caea69bedab04c5f3f56e89fb2a21732b224"
  dependencies:
    "@types/emissary" "*"
    "@types/jquery" "*"
    "@types/pathwatcher" "*"
    "@types/q" "^0"
    "@types/space-pen" "*"
    "@types/status-bar" "*"
    "@types/text-buffer" "*"

"@types/emissary@*":
  version "0.0.30"
  resolved "https://registry.yarnpkg.com/@types/emissary/-/emissary-0.0.30.tgz#310e208f2364b8b1ad949a4bceaf65ed4c36baf5"
  dependencies:
    "@types/mixto" "*"

"@types/jquery@*":
  version "3.2.12"
  resolved "https://registry.yarnpkg.com/@types/jquery/-/jquery-3.2.12.tgz#f496823108c3874c97c9a822e675a3926ee64b46"

"@types/mixto@*":
  version "0.0.29"
  resolved "https://registry.yarnpkg.com/@types/mixto/-/mixto-0.0.29.tgz#c481a4ae6e2d7aa6b1a810a5f31db271b2898e59"

"@types/node@*":
  version "8.0.25"
  resolved "https://registry.yarnpkg.com/@types/node/-/node-8.0.25.tgz#66ecaf4df93f5281b48427ee96fbcdfc4f0cdce1"

"@types/pathwatcher@*":
  version "0.0.33"
  resolved "https://registry.yarnpkg.com/@types/pathwatcher/-/pathwatcher-0.0.33.tgz#26ff1aff82caf97d076b8ef6ec9057523510c00d"
  dependencies:
    "@types/node" "*"
    "@types/q" "^0"

"@types/q@^0":
  version "0.0.36"
  resolved "https://registry.yarnpkg.com/@types/q/-/q-0.0.36.tgz#97d786389641bcbd0e22bfc729a534175976371d"

"@types/space-pen@*":
  version "0.0.28"
  resolved "https://registry.yarnpkg.com/@types/space-pen/-/space-pen-0.0.28.tgz#9f5100e817fa81fa8abfa36af8bcd27f6fd7dc57"
  dependencies:
    "@types/jquery" "*"

"@types/status-bar@*":
  version "0.0.30"
  resolved "https://registry.yarnpkg.com/@types/status-bar/-/status-bar-0.0.30.tgz#bb3f40f6d3ba0026203dad096c04fe6dda1dd802"
  dependencies:
    "@types/space-pen" "*"
    "@types/text-buffer" "*"

"@types/text-buffer@*":
  version "0.0.32"
  resolved "https://registry.yarnpkg.com/@types/text-buffer/-/text-buffer-0.0.32.tgz#5d97d148b140b20dc8f922e7f46e182227169062"
  dependencies:
    "@types/atom" "*"
    "@types/emissary" "*"

lodash@^4.17.4:
  version "4.17.4"
  resolved "https://registry.yarnpkg.com/lodash/-/lodash-4.17.4.tgz#78203a4d1c328ae1d86dca6460e369b57f4055ae"
